// !$*UTF8*$!
{
	archiveVersion = 1;
	classes = {
	};
	objectVersion = 46;
	objects = {

/* Begin PBXBuildFile section */
		6ABC67891D742E3A003A8AEC /* UIColor+App.swift in Sources */ = {isa = PBXBuildFile; fileRef = 6ABC67831D742E3A003A8AEC /* UIColor+App.swift */; };
		6ABC678A1D742E3A003A8AEC /* CarInspectionCertificateItemCell.swift in Sources */ = {isa = PBXBuildFile; fileRef = 6ABC67851D742E3A003A8AEC /* CarInspectionCertificateItemCell.swift */; };
		6ABC678B1D742E3A003A8AEC /* CarInspectionCertificateTableViewController.swift in Sources */ = {isa = PBXBuildFile; fileRef = 6ABC67871D742E3A003A8AEC /* CarInspectionCertificateTableViewController.swift */; };
		6ABC678C1D742E3A003A8AEC /* MainViewController.swift in Sources */ = {isa = PBXBuildFile; fileRef = 6ABC67881D742E3A003A8AEC /* MainViewController.swift */; };
		6ABC67951D742E61003A8AEC /* AppDelegate.swift in Sources */ = {isa = PBXBuildFile; fileRef = 6ABC678D1D742E61003A8AEC /* AppDelegate.swift */; };
		6ABC67961D742E61003A8AEC /* Assets.xcassets in Resources */ = {isa = PBXBuildFile; fileRef = 6ABC678E1D742E61003A8AEC /* Assets.xcassets */; };
		6ABC67971D742E61003A8AEC /* LaunchScreen.storyboard in Resources */ = {isa = PBXBuildFile; fileRef = 6ABC67901D742E61003A8AEC /* LaunchScreen.storyboard */; };
		6ABC67981D742E61003A8AEC /* Main.storyboard in Resources */ = {isa = PBXBuildFile; fileRef = 6ABC67921D742E61003A8AEC /* Main.storyboard */; };
		9840DC7736D1162EDFF3D306 /* Pods_CarQRCodeScanner_Example.framework in Frameworks */ = {isa = PBXBuildFile; fileRef = 4592DEF016E64501C54D6625 /* Pods_CarQRCodeScanner_Example.framework */; };
/* End PBXBuildFile section */

/* Begin PBXFileReference section */
		0BCADD359B5E43E22B96FC9A /* Pods-CarQRCodeScanner_Example.debug.xcconfig */ = {isa = PBXFileReference; includeInIndex = 1; lastKnownFileType = text.xcconfig; name = "Pods-CarQRCodeScanner_Example.debug.xcconfig"; path = "Pods/Target Support Files/Pods-CarQRCodeScanner_Example/Pods-CarQRCodeScanner_Example.debug.xcconfig"; sourceTree = "<group>"; };
		4592DEF016E64501C54D6625 /* Pods_CarQRCodeScanner_Example.framework */ = {isa = PBXFileReference; explicitFileType = wrapper.framework; includeInIndex = 0; path = Pods_CarQRCodeScanner_Example.framework; sourceTree = BUILT_PRODUCTS_DIR; };
		607FACD01AFB9204008FA782 /* CarQRCodeScanner_Example.app */ = {isa = PBXFileReference; explicitFileType = wrapper.application; includeInIndex = 0; path = CarQRCodeScanner_Example.app; sourceTree = BUILT_PRODUCTS_DIR; };
		6ABC67831D742E3A003A8AEC /* UIColor+App.swift */ = {isa = PBXFileReference; fileEncoding = 4; lastKnownFileType = sourcecode.swift; path = "UIColor+App.swift"; sourceTree = "<group>"; };
		6ABC67851D742E3A003A8AEC /* CarInspectionCertificateItemCell.swift */ = {isa = PBXFileReference; fileEncoding = 4; lastKnownFileType = sourcecode.swift; path = CarInspectionCertificateItemCell.swift; sourceTree = "<group>"; };
		6ABC67871D742E3A003A8AEC /* CarInspectionCertificateTableViewController.swift */ = {isa = PBXFileReference; fileEncoding = 4; lastKnownFileType = sourcecode.swift; path = CarInspectionCertificateTableViewController.swift; sourceTree = "<group>"; };
		6ABC67881D742E3A003A8AEC /* MainViewController.swift */ = {isa = PBXFileReference; fileEncoding = 4; lastKnownFileType = sourcecode.swift; path = MainViewController.swift; sourceTree = "<group>"; };
		6ABC678D1D742E61003A8AEC /* AppDelegate.swift */ = {isa = PBXFileReference; fileEncoding = 4; lastKnownFileType = sourcecode.swift; path = AppDelegate.swift; sourceTree = "<group>"; };
		6ABC678E1D742E61003A8AEC /* Assets.xcassets */ = {isa = PBXFileReference; lastKnownFileType = folder.assetcatalog; path = Assets.xcassets; sourceTree = "<group>"; };
		6ABC67911D742E61003A8AEC /* Base */ = {isa = PBXFileReference; lastKnownFileType = file.storyboard; name = Base; path = LaunchScreen.storyboard; sourceTree = "<group>"; };
		6ABC67931D742E61003A8AEC /* Base */ = {isa = PBXFileReference; lastKnownFileType = file.storyboard; name = Base; path = Main.storyboard; sourceTree = "<group>"; };
		6ABC67941D742E61003A8AEC /* Info.plist */ = {isa = PBXFileReference; fileEncoding = 4; lastKnownFileType = text.plist.xml; path = Info.plist; sourceTree = "<group>"; };
		6CEAD1BB7F614B4F1CE903FB /* Pods-CarQRCodeScanner_Example.release.xcconfig */ = {isa = PBXFileReference; includeInIndex = 1; lastKnownFileType = text.xcconfig; name = "Pods-CarQRCodeScanner_Example.release.xcconfig"; path = "Pods/Target Support Files/Pods-CarQRCodeScanner_Example/Pods-CarQRCodeScanner_Example.release.xcconfig"; sourceTree = "<group>"; };
		892ED53035A970BDA0A2938B /* README.md */ = {isa = PBXFileReference; includeInIndex = 1; lastKnownFileType = net.daringfireball.markdown; name = README.md; path = ../README.md; sourceTree = "<group>"; };
		90C85B3A91E4A145B42EB7F8 /* Pods_CarQRCodeScanner_Tests.framework */ = {isa = PBXFileReference; explicitFileType = wrapper.framework; includeInIndex = 0; path = Pods_CarQRCodeScanner_Tests.framework; sourceTree = BUILT_PRODUCTS_DIR; };
		BB58CDB3C3DC7D843293DB25 /* CarQRCodeScanner.podspec */ = {isa = PBXFileReference; includeInIndex = 1; lastKnownFileType = text; name = CarQRCodeScanner.podspec; path = ../CarQRCodeScanner.podspec; sourceTree = "<group>"; };
/* End PBXFileReference section */

/* Begin PBXFrameworksBuildPhase section */
		607FACCD1AFB9204008FA782 /* Frameworks */ = {
			isa = PBXFrameworksBuildPhase;
			buildActionMask = 2147483647;
			files = (
				9840DC7736D1162EDFF3D306 /* Pods_CarQRCodeScanner_Example.framework in Frameworks */,
			);
			runOnlyForDeploymentPostprocessing = 0;
		};
/* End PBXFrameworksBuildPhase section */

/* Begin PBXGroup section */
		607FACC71AFB9204008FA782 = {
			isa = PBXGroup;
			children = (
				607FACF51AFB993E008FA782 /* Podspec Metadata */,
				607FACD21AFB9204008FA782 /* Example for CarQRCodeScanner */,
				607FACD11AFB9204008FA782 /* Products */,
				B02DCE41791B4515A067C71E /* Pods */,
				6A2DBBCDC69AC02CC84485AF /* Frameworks */,
			);
			sourceTree = "<group>";
		};
		607FACD11AFB9204008FA782 /* Products */ = {
			isa = PBXGroup;
			children = (
				607FACD01AFB9204008FA782 /* CarQRCodeScanner_Example.app */,
			);
			name = Products;
			sourceTree = "<group>";
		};
		607FACD21AFB9204008FA782 /* Example for CarQRCodeScanner */ = {
			isa = PBXGroup;
			children = (
				6ABC678D1D742E61003A8AEC /* AppDelegate.swift */,
				6ABC678E1D742E61003A8AEC /* Assets.xcassets */,
				6ABC67901D742E61003A8AEC /* LaunchScreen.storyboard */,
				6ABC67921D742E61003A8AEC /* Main.storyboard */,
				6ABC67821D742E3A003A8AEC /* Util */,
				6ABC67841D742E3A003A8AEC /* View */,
				6ABC67861D742E3A003A8AEC /* ViewController */,
				607FACD31AFB9204008FA782 /* Supporting Files */,
			);
			name = "Example for CarQRCodeScanner";
			path = CarQRCodeScanner;
			sourceTree = "<group>";
		};
		607FACD31AFB9204008FA782 /* Supporting Files */ = {
			isa = PBXGroup;
			children = (
				6ABC67941D742E61003A8AEC /* Info.plist */,
			);
			name = "Supporting Files";
			sourceTree = "<group>";
		};
		607FACF51AFB993E008FA782 /* Podspec Metadata */ = {
			isa = PBXGroup;
			children = (
				BB58CDB3C3DC7D843293DB25 /* CarQRCodeScanner.podspec */,
				892ED53035A970BDA0A2938B /* README.md */,
			);
			name = "Podspec Metadata";
			sourceTree = "<group>";
		};
		6A2DBBCDC69AC02CC84485AF /* Frameworks */ = {
			isa = PBXGroup;
			children = (
				4592DEF016E64501C54D6625 /* Pods_CarQRCodeScanner_Example.framework */,
				90C85B3A91E4A145B42EB7F8 /* Pods_CarQRCodeScanner_Tests.framework */,
			);
			name = Frameworks;
			sourceTree = "<group>";
		};
		6ABC67821D742E3A003A8AEC /* Util */ = {
			isa = PBXGroup;
			children = (
				6ABC67831D742E3A003A8AEC /* UIColor+App.swift */,
			);
			path = Util;
			sourceTree = "<group>";
		};
		6ABC67841D742E3A003A8AEC /* View */ = {
			isa = PBXGroup;
			children = (
				6ABC67851D742E3A003A8AEC /* CarInspectionCertificateItemCell.swift */,
			);
			path = View;
			sourceTree = "<group>";
		};
		6ABC67861D742E3A003A8AEC /* ViewController */ = {
			isa = PBXGroup;
			children = (
				6ABC67871D742E3A003A8AEC /* CarInspectionCertificateTableViewController.swift */,
				6ABC67881D742E3A003A8AEC /* MainViewController.swift */,
			);
			path = ViewController;
			sourceTree = "<group>";
		};
		B02DCE41791B4515A067C71E /* Pods */ = {
			isa = PBXGroup;
			children = (
				0BCADD359B5E43E22B96FC9A /* Pods-CarQRCodeScanner_Example.debug.xcconfig */,
				6CEAD1BB7F614B4F1CE903FB /* Pods-CarQRCodeScanner_Example.release.xcconfig */,
			);
			name = Pods;
			sourceTree = "<group>";
		};
/* End PBXGroup section */

/* Begin PBXNativeTarget section */
		607FACCF1AFB9204008FA782 /* CarQRCodeScanner_Example */ = {
			isa = PBXNativeTarget;
			buildConfigurationList = 607FACEF1AFB9204008FA782 /* Build configuration list for PBXNativeTarget "CarQRCodeScanner_Example" */;
			buildPhases = (
				0611B48DC8A1EB22F68B6A8D /* [CP] Check Pods Manifest.lock */,
				607FACCC1AFB9204008FA782 /* Sources */,
				607FACCD1AFB9204008FA782 /* Frameworks */,
				607FACCE1AFB9204008FA782 /* Resources */,
				77710E8FD1A0BEAF4C88EE00 /* [CP] Embed Pods Frameworks */,
				ACB21C9E0C3D3E0C2E062207 /* [CP] Copy Pods Resources */,
			);
			buildRules = (
			);
			dependencies = (
			);
			name = CarQRCodeScanner_Example;
			productName = CarQRCodeScanner;
			productReference = 607FACD01AFB9204008FA782 /* CarQRCodeScanner_Example.app */;
			productType = "com.apple.product-type.application";
		};
/* End PBXNativeTarget section */

/* Begin PBXProject section */
		607FACC81AFB9204008FA782 /* Project object */ = {
			isa = PBXProject;
			attributes = {
				LastSwiftUpdateCheck = 0720;
				LastUpgradeCheck = 0920;
				ORGANIZATIONNAME = CocoaPods;
				TargetAttributes = {
					607FACCF1AFB9204008FA782 = {
						CreatedOnToolsVersion = 6.3.1;
						LastSwiftMigration = 0820;
					};
				};
			};
			buildConfigurationList = 607FACCB1AFB9204008FA782 /* Build configuration list for PBXProject "CarQRCodeScanner" */;
			compatibilityVersion = "Xcode 3.2";
			developmentRegion = English;
			hasScannedForEncodings = 0;
			knownRegions = (
				en,
				Base,
			);
			mainGroup = 607FACC71AFB9204008FA782;
			productRefGroup = 607FACD11AFB9204008FA782 /* Products */;
			projectDirPath = "";
			projectRoot = "";
			targets = (
				607FACCF1AFB9204008FA782 /* CarQRCodeScanner_Example */,
			);
		};
/* End PBXProject section */

/* Begin PBXResourcesBuildPhase section */
		607FACCE1AFB9204008FA782 /* Resources */ = {
			isa = PBXResourcesBuildPhase;
			buildActionMask = 2147483647;
			files = (
				6ABC67981D742E61003A8AEC /* Main.storyboard in Resources */,
				6ABC67961D742E61003A8AEC /* Assets.xcassets in Resources */,
				6ABC67971D742E61003A8AEC /* LaunchScreen.storyboard in Resources */,
			);
			runOnlyForDeploymentPostprocessing = 0;
		};
/* End PBXResourcesBuildPhase section */

/* Begin PBXShellScriptBuildPhase section */
		0611B48DC8A1EB22F68B6A8D /* [CP] Check Pods Manifest.lock */ = {
			isa = PBXShellScriptBuildPhase;
			buildActionMask = 2147483647;
			files = (
			);
			inputPaths = (
				"${PODS_PODFILE_DIR_PATH}/Podfile.lock",
				"${PODS_ROOT}/Manifest.lock",
			);
			name = "[CP] Check Pods Manifest.lock";
			outputPaths = (
				"$(DERIVED_FILE_DIR)/Pods-CarQRCodeScanner_Example-checkManifestLockResult.txt",
			);
			runOnlyForDeploymentPostprocessing = 0;
			shellPath = /bin/sh;
			shellScript = "diff \"${PODS_PODFILE_DIR_PATH}/Podfile.lock\" \"${PODS_ROOT}/Manifest.lock\" > /dev/null\nif [ $? != 0 ] ; then\n    # print error to STDERR\n    echo \"error: The sandbox is not in sync with the Podfile.lock. Run 'pod install' or update your CocoaPods installation.\" >&2\n    exit 1\nfi\n# This output is used by Xcode 'outputs' to avoid re-running this script phase.\necho \"SUCCESS\" > \"${SCRIPT_OUTPUT_FILE_0}\"\n";
			showEnvVarsInLog = 0;
		};
		77710E8FD1A0BEAF4C88EE00 /* [CP] Embed Pods Frameworks */ = {
			isa = PBXShellScriptBuildPhase;
			buildActionMask = 2147483647;
			files = (
			);
			inputPaths = (
				"${SRCROOT}/Pods/Target Support Files/Pods-CarQRCodeScanner_Example/Pods-CarQRCodeScanner_Example-frameworks.sh",
				"${BUILT_PRODUCTS_DIR}/CarQRCodeScanner/CarQRCodeScanner.framework",
				"${BUILT_PRODUCTS_DIR}/ZXingObjC/ZXingObjC.framework",
			);
			name = "[CP] Embed Pods Frameworks";
			outputPaths = (
				"${TARGET_BUILD_DIR}/${FRAMEWORKS_FOLDER_PATH}/CarQRCodeScanner.framework",
				"${TARGET_BUILD_DIR}/${FRAMEWORKS_FOLDER_PATH}/ZXingObjC.framework",
			);
			runOnlyForDeploymentPostprocessing = 0;
			shellPath = /bin/sh;
			shellScript = "\"${SRCROOT}/Pods/Target Support Files/Pods-CarQRCodeScanner_Example/Pods-CarQRCodeScanner_Example-frameworks.sh\"\n";
			showEnvVarsInLog = 0;
		};
		ACB21C9E0C3D3E0C2E062207 /* [CP] Copy Pods Resources */ = {
			isa = PBXShellScriptBuildPhase;
			buildActionMask = 2147483647;
			files = (
			);
			inputPaths = (
			);
			name = "[CP] Copy Pods Resources";
			outputPaths = (
			);
			runOnlyForDeploymentPostprocessing = 0;
			shellPath = /bin/sh;
			shellScript = "\"${SRCROOT}/Pods/Target Support Files/Pods-CarQRCodeScanner_Example/Pods-CarQRCodeScanner_Example-resources.sh\"\n";
			showEnvVarsInLog = 0;
		};
/* End PBXShellScriptBuildPhase section */

/* Begin PBXSourcesBuildPhase section */
		607FACCC1AFB9204008FA782 /* Sources */ = {
			isa = PBXSourcesBuildPhase;
			buildActionMask = 2147483647;
			files = (
				6ABC678B1D742E3A003A8AEC /* CarInspectionCertificateTableViewController.swift in Sources */,
				6ABC678A1D742E3A003A8AEC /* CarInspectionCertificateItemCell.swift in Sources */,
				6ABC678C1D742E3A003A8AEC /* MainViewController.swift in Sources */,
				6ABC67951D742E61003A8AEC /* AppDelegate.swift in Sources */,
				6ABC67891D742E3A003A8AEC /* UIColor+App.swift in Sources */,
			);
			runOnlyForDeploymentPostprocessing = 0;
		};
/* End PBXSourcesBuildPhase section */

/* Begin PBXVariantGroup section */
		6ABC67901D742E61003A8AEC /* LaunchScreen.storyboard */ = {
			isa = PBXVariantGroup;
			children = (
				6ABC67911D742E61003A8AEC /* Base */,
			);
			name = LaunchScreen.storyboard;
			path = Base.lproj;
			sourceTree = "<group>";
		};
		6ABC67921D742E61003A8AEC /* Main.storyboard */ = {
			isa = PBXVariantGroup;
			children = (
				6ABC67931D742E61003A8AEC /* Base */,
			);
			name = Main.storyboard;
			path = Base.lproj;
			sourceTree = "<group>";
		};
/* End PBXVariantGroup section */

/* Begin XCBuildConfiguration section */
		607FACED1AFB9204008FA782 /* Debug */ = {
			isa = XCBuildConfiguration;
			buildSettings = {
				ALWAYS_SEARCH_USER_PATHS = NO;
				CLANG_CXX_LANGUAGE_STANDARD = "gnu++0x";
				CLANG_CXX_LIBRARY = "libc++";
				CLANG_ENABLE_MODULES = YES;
				CLANG_ENABLE_OBJC_ARC = YES;
				CLANG_WARN_BLOCK_CAPTURE_AUTORELEASING = YES;
				CLANG_WARN_BOOL_CONVERSION = YES;
				CLANG_WARN_COMMA = YES;
				CLANG_WARN_CONSTANT_CONVERSION = YES;
				CLANG_WARN_DIRECT_OBJC_ISA_USAGE = YES_ERROR;
				CLANG_WARN_EMPTY_BODY = YES;
				CLANG_WARN_ENUM_CONVERSION = YES;
				CLANG_WARN_INFINITE_RECURSION = YES;
				CLANG_WARN_INT_CONVERSION = YES;
				CLANG_WARN_NON_LITERAL_NULL_CONVERSION = YES;
				CLANG_WARN_OBJC_LITERAL_CONVERSION = YES;
				CLANG_WARN_OBJC_ROOT_CLASS = YES_ERROR;
				CLANG_WARN_RANGE_LOOP_ANALYSIS = YES;
				CLANG_WARN_STRICT_PROTOTYPES = YES;
				CLANG_WARN_SUSPICIOUS_MOVE = YES;
				CLANG_WARN_UNREACHABLE_CODE = YES;
				CLANG_WARN__DUPLICATE_METHOD_MATCH = YES;
				"CODE_SIGN_IDENTITY[sdk=iphoneos*]" = "iPhone Developer";
				COPY_PHASE_STRIP = NO;
				DEBUG_INFORMATION_FORMAT = "dwarf-with-dsym";
				ENABLE_STRICT_OBJC_MSGSEND = YES;
				ENABLE_TESTABILITY = YES;
				GCC_C_LANGUAGE_STANDARD = gnu99;
				GCC_DYNAMIC_NO_PIC = NO;
				GCC_NO_COMMON_BLOCKS = YES;
				GCC_OPTIMIZATION_LEVEL = 0;
				GCC_PREPROCESSOR_DEFINITIONS = (
					"DEBUG=1",
					"$(inherited)",
				);
				GCC_SYMBOLS_PRIVATE_EXTERN = NO;
				GCC_WARN_64_TO_32_BIT_CONVERSION = YES;
				GCC_WARN_ABOUT_RETURN_TYPE = YES_ERROR;
				GCC_WARN_UNDECLARED_SELECTOR = YES;
				GCC_WARN_UNINITIALIZED_AUTOS = YES_AGGRESSIVE;
				GCC_WARN_UNUSED_FUNCTION = YES;
				GCC_WARN_UNUSED_VARIABLE = YES;
				IPHONEOS_DEPLOYMENT_TARGET = 10.0;
				MTL_ENABLE_DEBUG_INFO = YES;
				ONLY_ACTIVE_ARCH = YES;
				SDKROOT = iphoneos;
				SWIFT_OPTIMIZATION_LEVEL = "-Onone";
			};
			name = Debug;
		};
		607FACEE1AFB9204008FA782 /* Release */ = {
			isa = XCBuildConfiguration;
			buildSettings = {
				ALWAYS_SEARCH_USER_PATHS = NO;
				CLANG_CXX_LANGUAGE_STANDARD = "gnu++0x";
				CLANG_CXX_LIBRARY = "libc++";
				CLANG_ENABLE_MODULES = YES;
				CLANG_ENABLE_OBJC_ARC = YES;
				CLANG_WARN_BLOCK_CAPTURE_AUTORELEASING = YES;
				CLANG_WARN_BOOL_CONVERSION = YES;
				CLANG_WARN_COMMA = YES;
				CLANG_WARN_CONSTANT_CONVERSION = YES;
				CLANG_WARN_DIRECT_OBJC_ISA_USAGE = YES_ERROR;
				CLANG_WARN_EMPTY_BODY = YES;
				CLANG_WARN_ENUM_CONVERSION = YES;
				CLANG_WARN_INFINITE_RECURSION = YES;
				CLANG_WARN_INT_CONVERSION = YES;
				CLANG_WARN_NON_LITERAL_NULL_CONVERSION = YES;
				CLANG_WARN_OBJC_LITERAL_CONVERSION = YES;
				CLANG_WARN_OBJC_ROOT_CLASS = YES_ERROR;
				CLANG_WARN_RANGE_LOOP_ANALYSIS = YES;
				CLANG_WARN_STRICT_PROTOTYPES = YES;
				CLANG_WARN_SUSPICIOUS_MOVE = YES;
				CLANG_WARN_UNREACHABLE_CODE = YES;
				CLANG_WARN__DUPLICATE_METHOD_MATCH = YES;
				"CODE_SIGN_IDENTITY[sdk=iphoneos*]" = "iPhone Developer";
				COPY_PHASE_STRIP = NO;
				DEBUG_INFORMATION_FORMAT = "dwarf-with-dsym";
				ENABLE_NS_ASSERTIONS = NO;
				ENABLE_STRICT_OBJC_MSGSEND = YES;
				GCC_C_LANGUAGE_STANDARD = gnu99;
				GCC_NO_COMMON_BLOCKS = YES;
				GCC_WARN_64_TO_32_BIT_CONVERSION = YES;
				GCC_WARN_ABOUT_RETURN_TYPE = YES_ERROR;
				GCC_WARN_UNDECLARED_SELECTOR = YES;
				GCC_WARN_UNINITIALIZED_AUTOS = YES_AGGRESSIVE;
				GCC_WARN_UNUSED_FUNCTION = YES;
				GCC_WARN_UNUSED_VARIABLE = YES;
				IPHONEOS_DEPLOYMENT_TARGET = 10.0;
				MTL_ENABLE_DEBUG_INFO = NO;
				SDKROOT = iphoneos;
				SWIFT_OPTIMIZATION_LEVEL = "-Owholemodule";
				VALIDATE_PRODUCT = YES;
			};
			name = Release;
		};
		607FACF01AFB9204008FA782 /* Debug */ = {
			isa = XCBuildConfiguration;
			baseConfigurationReference = 0BCADD359B5E43E22B96FC9A /* Pods-CarQRCodeScanner_Example.debug.xcconfig */;
			buildSettings = {
				ALWAYS_EMBED_SWIFT_STANDARD_LIBRARIES = YES;
				ASSETCATALOG_COMPILER_APPICON_NAME = AppIcon;
				DEVELOPMENT_TEAM = "";
				INFOPLIST_FILE = CarQRCodeScanner/Info.plist;
				LD_RUNPATH_SEARCH_PATHS = "$(inherited) @executable_path/Frameworks";
				MODULE_NAME = ExampleApp;
				PRODUCT_BUNDLE_IDENTIFIER = "org.cocoapods.demo.$(PRODUCT_NAME:rfc1034identifier)";
				PRODUCT_NAME = "$(TARGET_NAME)";
				SWIFT_VERSION = 4.0;
				TARGETED_DEVICE_FAMILY = "1,2";
			};
			name = Debug;
		};
		607FACF11AFB9204008FA782 /* Release */ = {
			isa = XCBuildConfiguration;
			baseConfigurationReference = 6CEAD1BB7F614B4F1CE903FB /* Pods-CarQRCodeScanner_Example.release.xcconfig */;
			buildSettings = {
				ALWAYS_EMBED_SWIFT_STANDARD_LIBRARIES = YES;
				ASSETCATALOG_COMPILER_APPICON_NAME = AppIcon;
				DEVELOPMENT_TEAM = "";
				INFOPLIST_FILE = CarQRCodeScanner/Info.plist;
				LD_RUNPATH_SEARCH_PATHS = "$(inherited) @executable_path/Frameworks";
				MODULE_NAME = ExampleApp;
				PRODUCT_BUNDLE_IDENTIFIER = "org.cocoapods.demo.$(PRODUCT_NAME:rfc1034identifier)";
				PRODUCT_NAME = "$(TARGET_NAME)";
				SWIFT_VERSION = 4.0;
				TARGETED_DEVICE_FAMILY = "1,2";
			};
			name = Release;
		};
/* End XCBuildConfiguration section */

/* Begin XCConfigurationList section */
		607FACCB1AFB9204008FA782 /* Build configuration list for PBXProject "CarQRCodeScanner" */ = {
			isa = XCConfigurationList;
			buildConfigurations = (
				607FACED1AFB9204008FA782 /* Debug */,
				607FACEE1AFB9204008FA782 /* Release */,
			);
			defaultConfigurationIsVisible = 0;
			defaultConfigurationName = Release;
		};
		607FACEF1AFB9204008FA782 /* Build configuration list for PBXNativeTarget "CarQRCodeScanner_Example" */ = {
			isa = XCConfigurationList;
			buildConfigurations = (
				607FACF01AFB9204008FA782 /* Debug */,
				607FACF11AFB9204008FA782 /* Release */,
			);
			defaultConfigurationIsVisible = 0;
			defaultConfigurationName = Release;
		};
/* End XCConfigurationList section */
	};
	rootObject = 607FACC81AFB9204008FA782 /* Project object */;
}
